
Microsoft Visual Studio Solution File, Format Version 12.00
# Visual Studio 15
VisualStudioVersion = 15.0.28307.572
MinimumVisualStudioVersion = 10.0.40219.1
Project("{FAE04EC0-301F-11D3-BF4B-00C04F79EFBC}") = "CarModel", "StudentApp\CarModel.csproj", "{87439CDD-0EB7-4FF5-8711-9CB8FE23EDF6}"
EndProject
Project("{FAE04EC0-301F-11D3-BF4B-00C04F79EFBC}") = "Console", "ConsoleTest\Console.csproj", "{2E66BF02-EAF2-4DCA-99A6-FA370436BBA9}"
EndProject
Project("{FAE04EC0-301F-11D3-BF4B-00C04F79EFBC}") = "CarUserInterface", "CarUserInterface\CarUserInterface.csproj", "{613F0DC3-6255-438C-B602-24FC34BDC3D9}"
EndProject
Global
	GlobalSection(SolutionConfigurationPlatforms) = preSolution
		Debug|Any CPU = Debug|Any CPU
		Release|Any CPU = Release|Any CPU
	EndGlobalSection
	GlobalSection(ProjectConfigurationPlatforms) = postSolution
		{87439CDD-0EB7-4FF5-8711-9CB8FE23EDF6}.Debug|Any CPU.ActiveCfg = Debug|Any CPU
		{87439CDD-0EB7-4FF5-8711-9CB8FE23EDF6}.Debug|Any CPU.Build.0 = Debug|Any CPU
		{87439CDD-0EB7-4FF5-8711-9CB8FE23EDF6}.Release|Any CPU.ActiveCfg = Release|Any CPU
		{87439CDD-0EB7-4FF5-8711-9CB8FE23EDF6}.Release|Any CPU.Build.0 = Release|Any CPU
		{2E66BF02-EAF2-4DCA-99A6-FA370436BBA9}.Debug|Any CPU.ActiveCfg = Debug|Any CPU
		{2E66BF02-EAF2-4DCA-99A6-FA370436BBA9}.Debug|Any CPU.Build.0 = Debug|Any CPU
		{2E66BF02-EAF2-4DCA-99A6-FA370436BBA9}.Release|Any CPU.ActiveCfg = Release|Any CPU
		{2E66BF02-EAF2-4DCA-99A6-FA370436BBA9}.Release|Any CPU.Build.0 = Release|Any CPU
		{613F0DC3-6255-438C-B602-24FC34BDC3D9}.Debug|Any CPU.ActiveCfg = Debug|Any CPU
		{613F0DC3-6255-438C-B602-24FC34BDC3D9}.Debug|Any CPU.Build.0 = Debug|Any CPU
		{613F0DC3-6255-438C-B602-24FC34BDC3D9}.Release|Any CPU.ActiveCfg = Release|Any CPU
		{613F0DC3-6255-438C-B602-24FC34BDC3D9}.Release|Any CPU.Build.0 = Release|Any CPU
	EndGlobalSection
	GlobalSection(SolutionProperties) = preSolution
		HideSolutionNode = FALSE
	EndGlobalSection
	GlobalSection(ExtensibilityGlobals) = postSolution
		SolutionGuid = {96B347EE-C04A-4D53-B59F-720D7AA319EE}
	EndGlobalSection
EndGlobal
